{
    "_readme": [
        "This file locks the dependencies of your project to a known state",
        "Read more about it at http://getcomposer.org/doc/01-basic-usage.md#composer-lock-the-lock-file",
        "This file is @generated automatically"
    ],
    "hash": "950d97fb821a69eac45b115afb25f8f4",
    "packages": [
        {
            "name": "ddeboer/imap",
            "version": "0.5.1",
            "source": {
                "type": "git",
                "url": "https://github.com/ddeboer/imap.git",
                "reference": "66ee8a936bf8f54480c4b0005df15daf02e8bffb"
            },
            "dist": {
                "type": "zip",
                "url": "https://api.github.com/repos/ddeboer/imap/zipball/66ee8a936bf8f54480c4b0005df15daf02e8bffb",
                "reference": "66ee8a936bf8f54480c4b0005df15daf02e8bffb",
                "shasum": ""
            },
            "require": {
                "ddeboer/transcoder": "~1",
                "ext-imap": "*",
                "php": ">=5.4.0"
            },
            "require-dev": {
                "ext-iconv": "*",
                "ext-mbstring": "*",
                "phpunit/phpunit": "~4.0"
            },
            "type": "library",
            "autoload": {
                "psr-4": {
                    "Ddeboer\\Imap\\": "src/",
                    "Ddeboer\\Imap\\Tests\\": "tests/"
                }
            },
            "notification-url": "https://packagist.org/downloads/",
            "license": [
                "MIT"
            ],
            "authors": [
                {
                    "name": "David de Boer",
                    "email": "david@ddeboer.nl"
                },
                {
                    "name": "Community contributors",
                    "homepage": "https://github.com/ddeboer/imap/graphs/contributors"
                }
            ],
            "description": "Object-oriented IMAP for PHP",
            "keywords": [
                "email",
                "imap",
                "mail"
            ],
            "time": "2015-02-01 22:16:57"
        },
        {
            "name": "ddeboer/transcoder",
            "version": "1.0.0",
            "source": {
                "type": "git",
                "url": "https://github.com/ddeboer/transcoder.git",
                "reference": "8781195ad1334add26dca66a4a823b7973639754"
            },
            "dist": {
                "type": "zip",
                "url": "https://api.github.com/repos/ddeboer/transcoder/zipball/8781195ad1334add26dca66a4a823b7973639754",
                "reference": "8781195ad1334add26dca66a4a823b7973639754",
                "shasum": ""
            },
            "require": {
                "php": ">=5.4.0"
            },
            "require-dev": {
                "phpunit/phpunit": "~4.0"
            },
            "suggest": {
                "ext-iconv": "For using the IconvTranscoder",
                "ext-mbstring": "For using the MbTranscoder"
            },
            "type": "library",
            "extra": {
                "branch-alias": {
                    "dev-master": "1.0.x-dev"
                }
            },
            "autoload": {
                "psr-4": {
                    "Ddeboer\\Transcoder\\": "src/",
                    "Ddeboer\\Transcoder\\Tests\\": "tests/"
                }
            },
            "notification-url": "https://packagist.org/downloads/",
            "license": [
                "MIT"
            ],
            "authors": [
                {
                    "name": "David de Boer",
                    "email": "david@ddeboer.nl"
                },
                {
                    "name": "Community contributors",
                    "homepage": "https://github.com/ddeboer/transcoder/graphs/contributors"
                }
            ],
            "description": "Better encoding conversion for PHP",
            "keywords": [
                "charset",
                "encoding",
                "iconv",
                "iso",
                "mb",
                "multibyte",
                "utf-8"
            ],
            "time": "2015-01-23 14:32:33"
        }
    ],
    "packages-dev": [],
    "aliases": [],
    "minimum-stability": "stable",
    "stability-flags": [],
    "prefer-stable": false,
    "prefer-lowest": false,
    "platform": [],
    "platform-dev": []
}
